
Microsoft Visual Studio Solution File, Format Version 12.00
# Visual Studio 2017
Project("{FAE04EC0-301F-11D3-BF4B-00C04F79EFBC}") = "Dream Messages", "Dream Messages.csproj", "{1B3766FE-2B73-5F76-3983-B8F7282FF97D}"
EndProject
Project("{FAE04EC0-301F-11D3-BF4B-00C04F79EFBC}") = "Dream Messages.Plugins", "Dream Messages.Plugins.csproj", "{490F1676-F222-9F3D-935C-A69D52CDBC54}"
EndProject
Project("{FAE04EC0-301F-11D3-BF4B-00C04F79EFBC}") = "Dream Messages.Editor", "Dream Messages.Editor.csproj", "{1BC4BD3B-AEAF-D6AB-2CE1-850EA440FB49}"
EndProject
Global
	GlobalSection(SolutionConfigurationPlatforms) = preSolution
		Debug|Any CPU = Debug|Any CPU
		Release|Any CPU = Release|Any CPU
	EndGlobalSection
	GlobalSection(ProjectConfigurationPlatforms) = postSolution
		{1B3766FE-2B73-5F76-3983-B8F7282FF97D}.Debug|Any CPU.ActiveCfg = Debug|Any CPU
		{1B3766FE-2B73-5F76-3983-B8F7282FF97D}.Debug|Any CPU.Build.0 = Debug|Any CPU
		{1B3766FE-2B73-5F76-3983-B8F7282FF97D}.Release|Any CPU.ActiveCfg = Release|Any CPU
		{1B3766FE-2B73-5F76-3983-B8F7282FF97D}.Release|Any CPU.Build.0 = Release|Any CPU
		{490F1676-F222-9F3D-935C-A69D52CDBC54}.Debug|Any CPU.ActiveCfg = Debug|Any CPU
		{490F1676-F222-9F3D-935C-A69D52CDBC54}.Debug|Any CPU.Build.0 = Debug|Any CPU
		{490F1676-F222-9F3D-935C-A69D52CDBC54}.Release|Any CPU.ActiveCfg = Release|Any CPU
		{490F1676-F222-9F3D-935C-A69D52CDBC54}.Release|Any CPU.Build.0 = Release|Any CPU
		{1BC4BD3B-AEAF-D6AB-2CE1-850EA440FB49}.Debug|Any CPU.ActiveCfg = Debug|Any CPU
		{1BC4BD3B-AEAF-D6AB-2CE1-850EA440FB49}.Debug|Any CPU.Build.0 = Debug|Any CPU
		{1BC4BD3B-AEAF-D6AB-2CE1-850EA440FB49}.Release|Any CPU.ActiveCfg = Release|Any CPU
		{1BC4BD3B-AEAF-D6AB-2CE1-850EA440FB49}.Release|Any CPU.Build.0 = Release|Any CPU
	EndGlobalSection
	GlobalSection(SolutionProperties) = preSolution
		HideSolutionNode = FALSE
	EndGlobalSection
EndGlobal
