
Microsoft Visual Studio Solution File, Format Version 12.00
# Visual Studio 2017
Project("{FAE04EC0-301F-11D3-BF4B-00C04F79EFBC}") = "Imagine! Messenger", "Imagine! Messenger.csproj", "{1981B71A-FC05-62C5-B1B1-98F9D63471A1}"
EndProject
Project("{FAE04EC0-301F-11D3-BF4B-00C04F79EFBC}") = "Imagine! Messenger.Plugins", "Imagine! Messenger.Plugins.csproj", "{F99B8148-38F0-1BA3-045B-E39E70F5B86B}"
EndProject
Project("{FAE04EC0-301F-11D3-BF4B-00C04F79EFBC}") = "Imagine! Messenger.Editor", "Imagine! Messenger.Editor.csproj", "{2C9E80DE-590A-B82A-A0C6-1820F8A921D2}"
EndProject
Global
	GlobalSection(SolutionConfigurationPlatforms) = preSolution
		Debug|Any CPU = Debug|Any CPU
		Release|Any CPU = Release|Any CPU
	EndGlobalSection
	GlobalSection(ProjectConfigurationPlatforms) = postSolution
		{1981B71A-FC05-62C5-B1B1-98F9D63471A1}.Debug|Any CPU.ActiveCfg = Debug|Any CPU
		{1981B71A-FC05-62C5-B1B1-98F9D63471A1}.Debug|Any CPU.Build.0 = Debug|Any CPU
		{1981B71A-FC05-62C5-B1B1-98F9D63471A1}.Release|Any CPU.ActiveCfg = Release|Any CPU
		{1981B71A-FC05-62C5-B1B1-98F9D63471A1}.Release|Any CPU.Build.0 = Release|Any CPU
		{F99B8148-38F0-1BA3-045B-E39E70F5B86B}.Debug|Any CPU.ActiveCfg = Debug|Any CPU
		{F99B8148-38F0-1BA3-045B-E39E70F5B86B}.Debug|Any CPU.Build.0 = Debug|Any CPU
		{F99B8148-38F0-1BA3-045B-E39E70F5B86B}.Release|Any CPU.ActiveCfg = Release|Any CPU
		{F99B8148-38F0-1BA3-045B-E39E70F5B86B}.Release|Any CPU.Build.0 = Release|Any CPU
		{2C9E80DE-590A-B82A-A0C6-1820F8A921D2}.Debug|Any CPU.ActiveCfg = Debug|Any CPU
		{2C9E80DE-590A-B82A-A0C6-1820F8A921D2}.Debug|Any CPU.Build.0 = Debug|Any CPU
		{2C9E80DE-590A-B82A-A0C6-1820F8A921D2}.Release|Any CPU.ActiveCfg = Release|Any CPU
		{2C9E80DE-590A-B82A-A0C6-1820F8A921D2}.Release|Any CPU.Build.0 = Release|Any CPU
	EndGlobalSection
	GlobalSection(SolutionProperties) = preSolution
		HideSolutionNode = FALSE
	EndGlobalSection
EndGlobal
